
Microsoft Visual Studio Solution File, Format Version 12.00
# Visual Studio Version 16
VisualStudioVersion = 16.0.30320.27
MinimumVisualStudioVersion = 10.0.40219.1
Project("{FAE04EC0-301F-11D3-BF4B-00C04F79EFBC}") = "SubProcessHandler", "SubProcessHandler\SubProcessHandler.csproj", "{7588938C-F4F2-4F55-A051-1D6FF972BECF}"
EndProject
Global
	GlobalSection(SolutionConfigurationPlatforms) = preSolution
		Debug|Any CPU = Debug|Any CPU
		Release|Any CPU = Release|Any CPU
	EndGlobalSection
	GlobalSection(ProjectConfigurationPlatforms) = postSolution
		{7588938C-F4F2-4F55-A051-1D6FF972BECF}.Debug|Any CPU.ActiveCfg = Debug|Any CPU
		{7588938C-F4F2-4F55-A051-1D6FF972BECF}.Debug|Any CPU.Build.0 = Debug|Any CPU
		{7588938C-F4F2-4F55-A051-1D6FF972BECF}.Release|Any CPU.ActiveCfg = Release|Any CPU
		{7588938C-F4F2-4F55-A051-1D6FF972BECF}.Release|Any CPU.Build.0 = Release|Any CPU
	EndGlobalSection
	GlobalSection(SolutionProperties) = preSolution
		HideSolutionNode = FALSE
	EndGlobalSection
	GlobalSection(ExtensibilityGlobals) = postSolution
		SolutionGuid = {A0A91B2C-F182-4976-B9F7-CE4697C814CD}
	EndGlobalSection
EndGlobal
